
Microsoft Visual Studio Solution File, Format Version 11.00
# Visual Studio 2010
Project("{FAE04EC0-301F-11D3-BF4B-00C04F79EFBC}") = "WebApiForAndroid", "WebApiForAndroid\WebApiForAndroid.csproj", "{9214BE0E-25AF-447A-9812-083950C661D4}"
EndProject
Project("{FAE04EC0-301F-11D3-BF4B-00C04F79EFBC}") = "WebApiForAndroid.Tests", "WebApiForAndroid.Tests\WebApiForAndroid.Tests.csproj", "{51FD44C2-8E2B-4CB7-A846-BEFBFA4595BC}"
EndProject
Global
	GlobalSection(SolutionConfigurationPlatforms) = preSolution
		Debug|Any CPU = Debug|Any CPU
		Release|Any CPU = Release|Any CPU
	EndGlobalSection
	GlobalSection(ProjectConfigurationPlatforms) = postSolution
		{9214BE0E-25AF-447A-9812-083950C661D4}.Debug|Any CPU.ActiveCfg = Debug|Any CPU
		{9214BE0E-25AF-447A-9812-083950C661D4}.Debug|Any CPU.Build.0 = Debug|Any CPU
		{9214BE0E-25AF-447A-9812-083950C661D4}.Release|Any CPU.ActiveCfg = Release|Any CPU
		{9214BE0E-25AF-447A-9812-083950C661D4}.Release|Any CPU.Build.0 = Release|Any CPU
		{51FD44C2-8E2B-4CB7-A846-BEFBFA4595BC}.Debug|Any CPU.ActiveCfg = Debug|Any CPU
		{51FD44C2-8E2B-4CB7-A846-BEFBFA4595BC}.Debug|Any CPU.Build.0 = Debug|Any CPU
		{51FD44C2-8E2B-4CB7-A846-BEFBFA4595BC}.Release|Any CPU.ActiveCfg = Release|Any CPU
		{51FD44C2-8E2B-4CB7-A846-BEFBFA4595BC}.Release|Any CPU.Build.0 = Release|Any CPU
	EndGlobalSection
	GlobalSection(SolutionProperties) = preSolution
		HideSolutionNode = FALSE
	EndGlobalSection
EndGlobal
